
Microsoft Visual Studio Solution File, Format Version 12.00
# Visual Studio Version 17
VisualStudioVersion = 17.9.34723.18
MinimumVisualStudioVersion = 10.0.40219.1
Project("{9A19103F-16F7-4668-BE54-9A1E7A4F7556}") = "DynamicTimeTableGenerator", "DynamicTimeTableGenerator\DynamicTimeTableGenerator.csproj", "{3E69DE6B-435E-42DB-B099-9529FA8FE318}"
EndProject
Global
	GlobalSection(SolutionConfigurationPlatforms) = preSolution
		Debug|Any CPU = Debug|Any CPU
		Release|Any CPU = Release|Any CPU
	EndGlobalSection
	GlobalSection(ProjectConfigurationPlatforms) = postSolution
		{3E69DE6B-435E-42DB-B099-9529FA8FE318}.Debug|Any CPU.ActiveCfg = Debug|Any CPU
		{3E69DE6B-435E-42DB-B099-9529FA8FE318}.Debug|Any CPU.Build.0 = Debug|Any CPU
		{3E69DE6B-435E-42DB-B099-9529FA8FE318}.Release|Any CPU.ActiveCfg = Release|Any CPU
		{3E69DE6B-435E-42DB-B099-9529FA8FE318}.Release|Any CPU.Build.0 = Release|Any CPU
	EndGlobalSection
	GlobalSection(SolutionProperties) = preSolution
		HideSolutionNode = FALSE
	EndGlobalSection
	GlobalSection(ExtensibilityGlobals) = postSolution
		SolutionGuid = {B58EF383-68C6-4A45-9138-D85DADFA4670}
	EndGlobalSection
EndGlobal
